
Microsoft Visual Studio Solution File, Format Version 12.00
Project("{FAE04EC0-301F-11D3-BF4B-00C04F79EFBC}") = "RI.Auth.Api", "RI.Auth.Api\RI.Auth.Api.csproj", "{14022F97-2A19-4960-9F10-7C1961944821}"
EndProject
Project("{2150E333-8FDC-42A3-9474-1A3956D46DE8}") = "src", "src", "{65B501BD-258C-439B-894B-92A201348A5B}"
EndProject
Project("{2150E333-8FDC-42A3-9474-1A3956D46DE8}") = "tests", "tests", "{192A08BA-C261-4610-B60D-34FBB70E91B5}"
EndProject
Project("{FAE04EC0-301F-11D3-BF4B-00C04F79EFBC}") = "RI.Auth.DataAccess", "RI.Auth.DataAccess\RI.Auth.DataAccess.csproj", "{3EFECD47-EA29-4C7D-B9A2-C6513D48B719}"
EndProject
Project("{FAE04EC0-301F-11D3-BF4B-00C04F79EFBC}") = "RI.Auth.Domain", "RI.Auth.Domain\RI.Auth.Domain.csproj", "{70227BCF-2D40-46BA-8710-50FCF1BD7F36}"
EndProject
Project("{FAE04EC0-301F-11D3-BF4B-00C04F79EFBC}") = "RI.Auth.Commons", "RI.Auth.Commons\RI.Auth.Commons.csproj", "{323090C1-0404-47D1-89BD-525DE888D0BD}"
EndProject
Project("{FAE04EC0-301F-11D3-BF4B-00C04F79EFBC}") = "RI.Auth.Business", "RI.Auth.Business\RI.Auth.Business.csproj", "{18F57593-99FC-498E-BC1F-ACC9B87B411D}"
EndProject
Global
	GlobalSection(SolutionConfigurationPlatforms) = preSolution
		Debug|Any CPU = Debug|Any CPU
		Release|Any CPU = Release|Any CPU
	EndGlobalSection
	GlobalSection(ProjectConfigurationPlatforms) = postSolution
		{14022F97-2A19-4960-9F10-7C1961944821}.Debug|Any CPU.ActiveCfg = Debug|Any CPU
		{14022F97-2A19-4960-9F10-7C1961944821}.Debug|Any CPU.Build.0 = Debug|Any CPU
		{14022F97-2A19-4960-9F10-7C1961944821}.Release|Any CPU.ActiveCfg = Release|Any CPU
		{14022F97-2A19-4960-9F10-7C1961944821}.Release|Any CPU.Build.0 = Release|Any CPU
		{3EFECD47-EA29-4C7D-B9A2-C6513D48B719}.Debug|Any CPU.ActiveCfg = Debug|Any CPU
		{3EFECD47-EA29-4C7D-B9A2-C6513D48B719}.Debug|Any CPU.Build.0 = Debug|Any CPU
		{3EFECD47-EA29-4C7D-B9A2-C6513D48B719}.Release|Any CPU.ActiveCfg = Release|Any CPU
		{3EFECD47-EA29-4C7D-B9A2-C6513D48B719}.Release|Any CPU.Build.0 = Release|Any CPU
		{70227BCF-2D40-46BA-8710-50FCF1BD7F36}.Debug|Any CPU.ActiveCfg = Debug|Any CPU
		{70227BCF-2D40-46BA-8710-50FCF1BD7F36}.Debug|Any CPU.Build.0 = Debug|Any CPU
		{70227BCF-2D40-46BA-8710-50FCF1BD7F36}.Release|Any CPU.ActiveCfg = Release|Any CPU
		{70227BCF-2D40-46BA-8710-50FCF1BD7F36}.Release|Any CPU.Build.0 = Release|Any CPU
		{323090C1-0404-47D1-89BD-525DE888D0BD}.Debug|Any CPU.ActiveCfg = Debug|Any CPU
		{323090C1-0404-47D1-89BD-525DE888D0BD}.Debug|Any CPU.Build.0 = Debug|Any CPU
		{323090C1-0404-47D1-89BD-525DE888D0BD}.Release|Any CPU.ActiveCfg = Release|Any CPU
		{323090C1-0404-47D1-89BD-525DE888D0BD}.Release|Any CPU.Build.0 = Release|Any CPU
		{18F57593-99FC-498E-BC1F-ACC9B87B411D}.Debug|Any CPU.ActiveCfg = Debug|Any CPU
		{18F57593-99FC-498E-BC1F-ACC9B87B411D}.Debug|Any CPU.Build.0 = Debug|Any CPU
		{18F57593-99FC-498E-BC1F-ACC9B87B411D}.Release|Any CPU.ActiveCfg = Release|Any CPU
		{18F57593-99FC-498E-BC1F-ACC9B87B411D}.Release|Any CPU.Build.0 = Release|Any CPU
	EndGlobalSection
	GlobalSection(NestedProjects) = preSolution
		{14022F97-2A19-4960-9F10-7C1961944821} = {65B501BD-258C-439B-894B-92A201348A5B}
		{3EFECD47-EA29-4C7D-B9A2-C6513D48B719} = {65B501BD-258C-439B-894B-92A201348A5B}
		{70227BCF-2D40-46BA-8710-50FCF1BD7F36} = {65B501BD-258C-439B-894B-92A201348A5B}
		{323090C1-0404-47D1-89BD-525DE888D0BD} = {65B501BD-258C-439B-894B-92A201348A5B}
		{18F57593-99FC-498E-BC1F-ACC9B87B411D} = {65B501BD-258C-439B-894B-92A201348A5B}
	EndGlobalSection
EndGlobal
